
Microsoft Visual Studio Solution File, Format Version 12.00
# Visual Studio Version 17
VisualStudioVersion = 17.0.31903.59
MinimumVisualStudioVersion = 10.0.40219.1
Project("{FAE04EC0-301F-11D3-BF4B-00C04F79EFBC}") = "API", "API\API.csproj", "{5072FF7E-282E-4852-B5B7-AF3F30ED0314}"
EndProject
Project("{FAE04EC0-301F-11D3-BF4B-00C04F79EFBC}") = "Application", "Application\Application.csproj", "{B4E3DCB2-7D38-475D-ACA8-9F3436DC0DAB}"
EndProject
Project("{FAE04EC0-301F-11D3-BF4B-00C04F79EFBC}") = "Domain", "Domain\Domain.csproj", "{62E83A2F-FAA8-4AF6-9723-9376EC204A61}"
EndProject
Project("{FAE04EC0-301F-11D3-BF4B-00C04F79EFBC}") = "Persistence", "Persistence\Persistence.csproj", "{034B119D-8AC9-4CAD-8978-316D56E160BA}"
EndProject
Global
	GlobalSection(SolutionConfigurationPlatforms) = preSolution
		Debug|Any CPU = Debug|Any CPU
		Release|Any CPU = Release|Any CPU
	EndGlobalSection
	GlobalSection(SolutionProperties) = preSolution
		HideSolutionNode = FALSE
	EndGlobalSection
	GlobalSection(ProjectConfigurationPlatforms) = postSolution
		{5072FF7E-282E-4852-B5B7-AF3F30ED0314}.Debug|Any CPU.ActiveCfg = Debug|Any CPU
		{5072FF7E-282E-4852-B5B7-AF3F30ED0314}.Debug|Any CPU.Build.0 = Debug|Any CPU
		{5072FF7E-282E-4852-B5B7-AF3F30ED0314}.Release|Any CPU.ActiveCfg = Release|Any CPU
		{5072FF7E-282E-4852-B5B7-AF3F30ED0314}.Release|Any CPU.Build.0 = Release|Any CPU
		{B4E3DCB2-7D38-475D-ACA8-9F3436DC0DAB}.Debug|Any CPU.ActiveCfg = Debug|Any CPU
		{B4E3DCB2-7D38-475D-ACA8-9F3436DC0DAB}.Debug|Any CPU.Build.0 = Debug|Any CPU
		{B4E3DCB2-7D38-475D-ACA8-9F3436DC0DAB}.Release|Any CPU.ActiveCfg = Release|Any CPU
		{B4E3DCB2-7D38-475D-ACA8-9F3436DC0DAB}.Release|Any CPU.Build.0 = Release|Any CPU
		{62E83A2F-FAA8-4AF6-9723-9376EC204A61}.Debug|Any CPU.ActiveCfg = Debug|Any CPU
		{62E83A2F-FAA8-4AF6-9723-9376EC204A61}.Debug|Any CPU.Build.0 = Debug|Any CPU
		{62E83A2F-FAA8-4AF6-9723-9376EC204A61}.Release|Any CPU.ActiveCfg = Release|Any CPU
		{62E83A2F-FAA8-4AF6-9723-9376EC204A61}.Release|Any CPU.Build.0 = Release|Any CPU
		{034B119D-8AC9-4CAD-8978-316D56E160BA}.Debug|Any CPU.ActiveCfg = Debug|Any CPU
		{034B119D-8AC9-4CAD-8978-316D56E160BA}.Debug|Any CPU.Build.0 = Debug|Any CPU
		{034B119D-8AC9-4CAD-8978-316D56E160BA}.Release|Any CPU.ActiveCfg = Release|Any CPU
		{034B119D-8AC9-4CAD-8978-316D56E160BA}.Release|Any CPU.Build.0 = Release|Any CPU
	EndGlobalSection
EndGlobal
